
Microsoft Visual Studio Solution File, Format Version 12.00
# Visual Studio Version 17
VisualStudioVersion = 17.6.33815.320
MinimumVisualStudioVersion = 10.0.40219.1
Project("{FAE04EC0-301F-11D3-BF4B-00C04F79EFBC}") = "DLLAnalyzer", "DLLAnalyzer\DLLAnalyzer.csproj", "{7EF6AC23-C404-471A-97CC-E0C081C3EC38}"
EndProject
Global
	GlobalSection(SolutionConfigurationPlatforms) = preSolution
		Debug|Any CPU = Debug|Any CPU
		Release|Any CPU = Release|Any CPU
	EndGlobalSection
	GlobalSection(ProjectConfigurationPlatforms) = postSolution
		{7EF6AC23-C404-471A-97CC-E0C081C3EC38}.Debug|Any CPU.ActiveCfg = Debug|Any CPU
		{7EF6AC23-C404-471A-97CC-E0C081C3EC38}.Debug|Any CPU.Build.0 = Debug|Any CPU
		{7EF6AC23-C404-471A-97CC-E0C081C3EC38}.Release|Any CPU.ActiveCfg = Release|Any CPU
		{7EF6AC23-C404-471A-97CC-E0C081C3EC38}.Release|Any CPU.Build.0 = Release|Any CPU
	EndGlobalSection
	GlobalSection(SolutionProperties) = preSolution
		HideSolutionNode = FALSE
	EndGlobalSection
	GlobalSection(ExtensibilityGlobals) = postSolution
		SolutionGuid = {D9A38AB3-CF22-4E89-95D9-E9DA626E83F5}
	EndGlobalSection
EndGlobal
